// !$*UTF8*$!
{
	archiveVersion = 1;
	classes = {
	};
	objectVersion = 50;
	objects = {

/* Begin PBXBuildFile section */
		2C1B8BA42388635A00986769 /* TeamViewController.swift in Sources */ = {isa = PBXBuildFile; fileRef = 2C1B8BA32388635A00986769 /* TeamViewController.swift */; };
		2C801932237DDAF300F83B95 /* AppDelegate.swift in Sources */ = {isa = PBXBuildFile; fileRef = 2C801931237DDAF300F83B95 /* AppDelegate.swift */; };
		2C801934237DDAF300F83B95 /* SceneDelegate.swift in Sources */ = {isa = PBXBuildFile; fileRef = 2C801933237DDAF300F83B95 /* SceneDelegate.swift */; };
		2C801936237DDAF300F83B95 /* ViewController.swift in Sources */ = {isa = PBXBuildFile; fileRef = 2C801935237DDAF300F83B95 /* ViewController.swift */; };
		2C801939237DDAF300F83B95 /* Main.storyboard in Resources */ = {isa = PBXBuildFile; fileRef = 2C801937237DDAF300F83B95 /* Main.storyboard */; };
		2C80193B237DDAF300F83B95 /* Assets.xcassets in Resources */ = {isa = PBXBuildFile; fileRef = 2C80193A237DDAF300F83B95 /* Assets.xcassets */; };
		2C80193E237DDAF300F83B95 /* LaunchScreen.storyboard in Resources */ = {isa = PBXBuildFile; fileRef = 2C80193C237DDAF300F83B95 /* LaunchScreen.storyboard */; };
		2C801949237DDAF400F83B95 /* ProjectTests.swift in Sources */ = {isa = PBXBuildFile; fileRef = 2C801948237DDAF400F83B95 /* ProjectTests.swift */; };
		2C801954237DDAF400F83B95 /* ProjectUITests.swift in Sources */ = {isa = PBXBuildFile; fileRef = 2C801953237DDAF400F83B95 /* ProjectUITests.swift */; };
		2CD685A62386026B007F6417 /* FavoriteTeamTableViewController.swift in Sources */ = {isa = PBXBuildFile; fileRef = 2CD685A52386026B007F6417 /* FavoriteTeamTableViewController.swift */; };
		2CD685A8238602A9007F6417 /* FavoriteTeamTableViewCell.swift in Sources */ = {isa = PBXBuildFile; fileRef = 2CD685A7238602A9007F6417 /* FavoriteTeamTableViewCell.swift */; };
		2CD685AA23860482007F6417 /* Team.swift in Sources */ = {isa = PBXBuildFile; fileRef = 2CD685A923860482007F6417 /* Team.swift */; };
		2CD685AE23860D45007F6417 /* League.swift in Sources */ = {isa = PBXBuildFile; fileRef = 2CD685AD23860D45007F6417 /* League.swift */; };
		2CD685B023860D7D007F6417 /* LeagueTableViewCell.swift in Sources */ = {isa = PBXBuildFile; fileRef = 2CD685AF23860D7D007F6417 /* LeagueTableViewCell.swift */; };
		2CD685B223860DE6007F6417 /* LeagueTableViewController.swift in Sources */ = {isa = PBXBuildFile; fileRef = 2CD685B123860DE6007F6417 /* LeagueTableViewController.swift */; };
/* End PBXBuildFile section */

/* Begin PBXContainerItemProxy section */
		2C801945237DDAF400F83B95 /* PBXContainerItemProxy */ = {
			isa = PBXContainerItemProxy;
			containerPortal = 2C801926237DDAF300F83B95 /* Project object */;
			proxyType = 1;
			remoteGlobalIDString = 2C80192D237DDAF300F83B95;
			remoteInfo = Project;
		};
		2C801950237DDAF400F83B95 /* PBXContainerItemProxy */ = {
			isa = PBXContainerItemProxy;
			containerPortal = 2C801926237DDAF300F83B95 /* Project object */;
			proxyType = 1;
			remoteGlobalIDString = 2C80192D237DDAF300F83B95;
			remoteInfo = Project;
		};
/* End PBXContainerItemProxy section */

/* Begin PBXFileReference section */
		2C1B8BA32388635A00986769 /* TeamViewController.swift */ = {isa = PBXFileReference; lastKnownFileType = sourcecode.swift; path = TeamViewController.swift; sourceTree = "<group>"; };
		2C80192E237DDAF300F83B95 /* Project.app */ = {isa = PBXFileReference; explicitFileType = wrapper.application; includeInIndex = 0; path = Project.app; sourceTree = BUILT_PRODUCTS_DIR; };
		2C801931237DDAF300F83B95 /* AppDelegate.swift */ = {isa = PBXFileReference; lastKnownFileType = sourcecode.swift; path = AppDelegate.swift; sourceTree = "<group>"; };
		2C801933237DDAF300F83B95 /* SceneDelegate.swift */ = {isa = PBXFileReference; lastKnownFileType = sourcecode.swift; path = SceneDelegate.swift; sourceTree = "<group>"; };
		2C801935237DDAF300F83B95 /* ViewController.swift */ = {isa = PBXFileReference; lastKnownFileType = sourcecode.swift; path = ViewController.swift; sourceTree = "<group>"; };
		2C801938237DDAF300F83B95 /* Base */ = {isa = PBXFileReference; lastKnownFileType = file.storyboard; name = Base; path = Base.lproj/Main.storyboard; sourceTree = "<group>"; };
		2C80193A237DDAF300F83B95 /* Assets.xcassets */ = {isa = PBXFileReference; lastKnownFileType = folder.assetcatalog; path = Assets.xcassets; sourceTree = "<group>"; };
		2C80193D237DDAF300F83B95 /* Base */ = {isa = PBXFileReference; lastKnownFileType = file.storyboard; name = Base; path = Base.lproj/LaunchScreen.storyboard; sourceTree = "<group>"; };
		2C80193F237DDAF300F83B95 /* Info.plist */ = {isa = PBXFileReference; lastKnownFileType = text.plist.xml; path = Info.plist; sourceTree = "<group>"; };
		2C801944237DDAF400F83B95 /* ProjectTests.xctest */ = {isa = PBXFileReference; explicitFileType = wrapper.cfbundle; includeInIndex = 0; path = ProjectTests.xctest; sourceTree = BUILT_PRODUCTS_DIR; };
		2C801948237DDAF400F83B95 /* ProjectTests.swift */ = {isa = PBXFileReference; lastKnownFileType = sourcecode.swift; path = ProjectTests.swift; sourceTree = "<group>"; };
		2C80194A237DDAF400F83B95 /* Info.plist */ = {isa = PBXFileReference; lastKnownFileType = text.plist.xml; path = Info.plist; sourceTree = "<group>"; };
		2C80194F237DDAF400F83B95 /* ProjectUITests.xctest */ = {isa = PBXFileReference; explicitFileType = wrapper.cfbundle; includeInIndex = 0; path = ProjectUITests.xctest; sourceTree = BUILT_PRODUCTS_DIR; };
		2C801953237DDAF400F83B95 /* ProjectUITests.swift */ = {isa = PBXFileReference; lastKnownFileType = sourcecode.swift; path = ProjectUITests.swift; sourceTree = "<group>"; };
		2C801955237DDAF400F83B95 /* Info.plist */ = {isa = PBXFileReference; lastKnownFileType = text.plist.xml; path = Info.plist; sourceTree = "<group>"; };
		2CD685A52386026B007F6417 /* FavoriteTeamTableViewController.swift */ = {isa = PBXFileReference; lastKnownFileType = sourcecode.swift; path = FavoriteTeamTableViewController.swift; sourceTree = "<group>"; };
		2CD685A7238602A9007F6417 /* FavoriteTeamTableViewCell.swift */ = {isa = PBXFileReference; lastKnownFileType = sourcecode.swift; path = FavoriteTeamTableViewCell.swift; sourceTree = "<group>"; };
		2CD685A923860482007F6417 /* Team.swift */ = {isa = PBXFileReference; lastKnownFileType = sourcecode.swift; path = Team.swift; sourceTree = "<group>"; };
		2CD685AD23860D45007F6417 /* League.swift */ = {isa = PBXFileReference; lastKnownFileType = sourcecode.swift; path = League.swift; sourceTree = "<group>"; };
		2CD685AF23860D7D007F6417 /* LeagueTableViewCell.swift */ = {isa = PBXFileReference; lastKnownFileType = sourcecode.swift; path = LeagueTableViewCell.swift; sourceTree = "<group>"; };
		2CD685B123860DE6007F6417 /* LeagueTableViewController.swift */ = {isa = PBXFileReference; lastKnownFileType = sourcecode.swift; path = LeagueTableViewController.swift; sourceTree = "<group>"; };
/* End PBXFileReference section */

/* Begin PBXFrameworksBuildPhase section */
		2C80192B237DDAF300F83B95 /* Frameworks */ = {
			isa = PBXFrameworksBuildPhase;
			buildActionMask = 2147483647;
			files = (
			);
			runOnlyForDeploymentPostprocessing = 0;
		};
		2C801941237DDAF400F83B95 /* Frameworks */ = {
			isa = PBXFrameworksBuildPhase;
			buildActionMask = 2147483647;
			files = (
			);
			runOnlyForDeploymentPostprocessing = 0;
		};
		2C80194C237DDAF400F83B95 /* Frameworks */ = {
			isa = PBXFrameworksBuildPhase;
			buildActionMask = 2147483647;
			files = (
			);
			runOnlyForDeploymentPostprocessing = 0;
		};
/* End PBXFrameworksBuildPhase section */

/* Begin PBXGroup section */
		2C801925237DDAF300F83B95 = {
			isa = PBXGroup;
			children = (
				2C801930237DDAF300F83B95 /* Project */,
				2C801947237DDAF400F83B95 /* ProjectTests */,
				2C801952237DDAF400F83B95 /* ProjectUITests */,
				2C80192F237DDAF300F83B95 /* Products */,
			);
			sourceTree = "<group>";
		};
		2C80192F237DDAF300F83B95 /* Products */ = {
			isa = PBXGroup;
			children = (
				2C80192E237DDAF300F83B95 /* Project.app */,
				2C801944237DDAF400F83B95 /* ProjectTests.xctest */,
				2C80194F237DDAF400F83B95 /* ProjectUITests.xctest */,
			);
			name = Products;
			sourceTree = "<group>";
		};
		2C801930237DDAF300F83B95 /* Project */ = {
			isa = PBXGroup;
			children = (
				2C801931237DDAF300F83B95 /* AppDelegate.swift */,
				2C801933237DDAF300F83B95 /* SceneDelegate.swift */,
				2C801935237DDAF300F83B95 /* ViewController.swift */,
				2C801937237DDAF300F83B95 /* Main.storyboard */,
				2C80193A237DDAF300F83B95 /* Assets.xcassets */,
				2C80193C237DDAF300F83B95 /* LaunchScreen.storyboard */,
				2C80193F237DDAF300F83B95 /* Info.plist */,
				2CD685A7238602A9007F6417 /* FavoriteTeamTableViewCell.swift */,
				2CD685A52386026B007F6417 /* FavoriteTeamTableViewController.swift */,
				2CD685AD23860D45007F6417 /* League.swift */,
				2CD685AF23860D7D007F6417 /* LeagueTableViewCell.swift */,
				2CD685B123860DE6007F6417 /* LeagueTableViewController.swift */,
				2CD685A923860482007F6417 /* Team.swift */,
				2C1B8BA32388635A00986769 /* TeamViewController.swift */,
			);
			path = Project;
			sourceTree = "<group>";
		};
		2C801947237DDAF400F83B95 /* ProjectTests */ = {
			isa = PBXGroup;
			children = (
				2C801948237DDAF400F83B95 /* ProjectTests.swift */,
				2C80194A237DDAF400F83B95 /* Info.plist */,
			);
			path = ProjectTests;
			sourceTree = "<group>";
		};
		2C801952237DDAF400F83B95 /* ProjectUITests */ = {
			isa = PBXGroup;
			children = (
				2C801953237DDAF400F83B95 /* ProjectUITests.swift */,
				2C801955237DDAF400F83B95 /* Info.plist */,
			);
			path = ProjectUITests;
			sourceTree = "<group>";
		};
/* End PBXGroup section */

/* Begin PBXNativeTarget section */
		2C80192D237DDAF300F83B95 /* Project */ = {
			isa = PBXNativeTarget;
			buildConfigurationList = 2C801958237DDAF400F83B95 /* Build configuration list for PBXNativeTarget "Project" */;
			buildPhases = (
				2C80192A237DDAF300F83B95 /* Sources */,
				2C80192B237DDAF300F83B95 /* Frameworks */,
				2C80192C237DDAF300F83B95 /* Resources */,
			);
			buildRules = (
			);
			dependencies = (
			);
			name = Project;
			productName = Project;
			productReference = 2C80192E237DDAF300F83B95 /* Project.app */;
			productType = "com.apple.product-type.application";
		};
		2C801943237DDAF400F83B95 /* ProjectTests */ = {
			isa = PBXNativeTarget;
			buildConfigurationList = 2C80195B237DDAF400F83B95 /* Build configuration list for PBXNativeTarget "ProjectTests" */;
			buildPhases = (
				2C801940237DDAF400F83B95 /* Sources */,
				2C801941237DDAF400F83B95 /* Frameworks */,
				2C801942237DDAF400F83B95 /* Resources */,
			);
			buildRules = (
			);
			dependencies = (
				2C801946237DDAF400F83B95 /* PBXTargetDependency */,
			);
			name = ProjectTests;
			productName = ProjectTests;
			productReference = 2C801944237DDAF400F83B95 /* ProjectTests.xctest */;
			productType = "com.apple.product-type.bundle.unit-test";
		};
		2C80194E237DDAF400F83B95 /* ProjectUITests */ = {
			isa = PBXNativeTarget;
			buildConfigurationList = 2C80195E237DDAF400F83B95 /* Build configuration list for PBXNativeTarget "ProjectUITests" */;
			buildPhases = (
				2C80194B237DDAF400F83B95 /* Sources */,
				2C80194C237DDAF400F83B95 /* Frameworks */,
				2C80194D237DDAF400F83B95 /* Resources */,
			);
			buildRules = (
			);
			dependencies = (
				2C801951237DDAF400F83B95 /* PBXTargetDependency */,
			);
			name = ProjectUITests;
			productName = ProjectUITests;
			productReference = 2C80194F237DDAF400F83B95 /* ProjectUITests.xctest */;
			productType = "com.apple.product-type.bundle.ui-testing";
		};
/* End PBXNativeTarget section */

/* Begin PBXProject section */
		2C801926237DDAF300F83B95 /* Project object */ = {
			isa = PBXProject;
			attributes = {
				LastSwiftUpdateCheck = 1100;
				LastUpgradeCheck = 1100;
				ORGANIZATIONNAME = ipleiria;
				TargetAttributes = {
					2C80192D237DDAF300F83B95 = {
						CreatedOnToolsVersion = 11.0;
					};
					2C801943237DDAF400F83B95 = {
						CreatedOnToolsVersion = 11.0;
						TestTargetID = 2C80192D237DDAF300F83B95;
					};
					2C80194E237DDAF400F83B95 = {
						CreatedOnToolsVersion = 11.0;
						TestTargetID = 2C80192D237DDAF300F83B95;
					};
				};
			};
			buildConfigurationList = 2C801929237DDAF300F83B95 /* Build configuration list for PBXProject "Project" */;
			compatibilityVersion = "Xcode 9.3";
			developmentRegion = en;
			hasScannedForEncodings = 0;
			knownRegions = (
				en,
				Base,
			);
			mainGroup = 2C801925237DDAF300F83B95;
			productRefGroup = 2C80192F237DDAF300F83B95 /* Products */;
			projectDirPath = "";
			projectRoot = "";
			targets = (
				2C80192D237DDAF300F83B95 /* Project */,
				2C801943237DDAF400F83B95 /* ProjectTests */,
				2C80194E237DDAF400F83B95 /* ProjectUITests */,
			);
		};
/* End PBXProject section */

/* Begin PBXResourcesBuildPhase section */
		2C80192C237DDAF300F83B95 /* Resources */ = {
			isa = PBXResourcesBuildPhase;
			buildActionMask = 2147483647;
			files = (
				2C80193E237DDAF300F83B95 /* LaunchScreen.storyboard in Resources */,
				2C80193B237DDAF300F83B95 /* Assets.xcassets in Resources */,
				2C801939237DDAF300F83B95 /* Main.storyboard in Resources */,
			);
			runOnlyForDeploymentPostprocessing = 0;
		};
		2C801942237DDAF400F83B95 /* Resources */ = {
			isa = PBXResourcesBuildPhase;
			buildActionMask = 2147483647;
			files = (
			);
			runOnlyForDeploymentPostprocessing = 0;
		};
		2C80194D237DDAF400F83B95 /* Resources */ = {
			isa = PBXResourcesBuildPhase;
			buildActionMask = 2147483647;
			files = (
			);
			runOnlyForDeploymentPostprocessing = 0;
		};
/* End PBXResourcesBuildPhase section */

/* Begin PBXSourcesBuildPhase section */
		2C80192A237DDAF300F83B95 /* Sources */ = {
			isa = PBXSourcesBuildPhase;
			buildActionMask = 2147483647;
			files = (
				2CD685AE23860D45007F6417 /* League.swift in Sources */,
				2CD685AA23860482007F6417 /* Team.swift in Sources */,
				2CD685B023860D7D007F6417 /* LeagueTableViewCell.swift in Sources */,
				2C801936237DDAF300F83B95 /* ViewController.swift in Sources */,
				2CD685B223860DE6007F6417 /* LeagueTableViewController.swift in Sources */,
				2CD685A8238602A9007F6417 /* FavoriteTeamTableViewCell.swift in Sources */,
				2C801932237DDAF300F83B95 /* AppDelegate.swift in Sources */,
				2CD685A62386026B007F6417 /* FavoriteTeamTableViewController.swift in Sources */,
				2C801934237DDAF300F83B95 /* SceneDelegate.swift in Sources */,
				2C1B8BA42388635A00986769 /* TeamViewController.swift in Sources */,
			);
			runOnlyForDeploymentPostprocessing = 0;
		};
		2C801940237DDAF400F83B95 /* Sources */ = {
			isa = PBXSourcesBuildPhase;
			buildActionMask = 2147483647;
			files = (
				2C801949237DDAF400F83B95 /* ProjectTests.swift in Sources */,
			);
			runOnlyForDeploymentPostprocessing = 0;
		};
		2C80194B237DDAF400F83B95 /* Sources */ = {
			isa = PBXSourcesBuildPhase;
			buildActionMask = 2147483647;
			files = (
				2C801954237DDAF400F83B95 /* ProjectUITests.swift in Sources */,
			);
			runOnlyForDeploymentPostprocessing = 0;
		};
/* End PBXSourcesBuildPhase section */

/* Begin PBXTargetDependency section */
		2C801946237DDAF400F83B95 /* PBXTargetDependency */ = {
			isa = PBXTargetDependency;
			target = 2C80192D237DDAF300F83B95 /* Project */;
			targetProxy = 2C801945237DDAF400F83B95 /* PBXContainerItemProxy */;
		};
		2C801951237DDAF400F83B95 /* PBXTargetDependency */ = {
			isa = PBXTargetDependency;
			target = 2C80192D237DDAF300F83B95 /* Project */;
			targetProxy = 2C801950237DDAF400F83B95 /* PBXContainerItemProxy */;
		};
/* End PBXTargetDependency section */

/* Begin PBXVariantGroup section */
		2C801937237DDAF300F83B95 /* Main.storyboard */ = {
			isa = PBXVariantGroup;
			children = (
				2C801938237DDAF300F83B95 /* Base */,
			);
			name = Main.storyboard;
			sourceTree = "<group>";
		};
		2C80193C237DDAF300F83B95 /* LaunchScreen.storyboard */ = {
			isa = PBXVariantGroup;
			children = (
				2C80193D237DDAF300F83B95 /* Base */,
			);
			name = LaunchScreen.storyboard;
			sourceTree = "<group>";
		};
/* End PBXVariantGroup section */

/* Begin XCBuildConfiguration section */
		2C801956237DDAF400F83B95 /* Debug */ = {
			isa = XCBuildConfiguration;
			buildSettings = {
				ALWAYS_SEARCH_USER_PATHS = NO;
				CLANG_ANALYZER_NONNULL = YES;
				CLANG_ANALYZER_NUMBER_OBJECT_CONVERSION = YES_AGGRESSIVE;
				CLANG_CXX_LANGUAGE_STANDARD = "gnu++14";
				CLANG_CXX_LIBRARY = "libc++";
				CLANG_ENABLE_MODULES = YES;
				CLANG_ENABLE_OBJC_ARC = YES;
				CLANG_ENABLE_OBJC_WEAK = YES;
				CLANG_WARN_BLOCK_CAPTURE_AUTORELEASING = YES;
				CLANG_WARN_BOOL_CONVERSION = YES;
				CLANG_WARN_COMMA = YES;
				CLANG_WARN_CONSTANT_CONVERSION = YES;
				CLANG_WARN_DEPRECATED_OBJC_IMPLEMENTATIONS = YES;
				CLANG_WARN_DIRECT_OBJC_ISA_USAGE = YES_ERROR;
				CLANG_WARN_DOCUMENTATION_COMMENTS = YES;
				CLANG_WARN_EMPTY_BODY = YES;
				CLANG_WARN_ENUM_CONVERSION = YES;
				CLANG_WARN_INFINITE_RECURSION = YES;
				CLANG_WARN_INT_CONVERSION = YES;
				CLANG_WARN_NON_LITERAL_NULL_CONVERSION = YES;
				CLANG_WARN_OBJC_IMPLICIT_RETAIN_SELF = YES;
				CLANG_WARN_OBJC_LITERAL_CONVERSION = YES;
				CLANG_WARN_OBJC_ROOT_CLASS = YES_ERROR;
				CLANG_WARN_RANGE_LOOP_ANALYSIS = YES;
				CLANG_WARN_STRICT_PROTOTYPES = YES;
				CLANG_WARN_SUSPICIOUS_MOVE = YES;
				CLANG_WARN_UNGUARDED_AVAILABILITY = YES_AGGRESSIVE;
				CLANG_WARN_UNREACHABLE_CODE = YES;
				CLANG_WARN__DUPLICATE_METHOD_MATCH = YES;
				COPY_PHASE_STRIP = NO;
				DEBUG_INFORMATION_FORMAT = dwarf;
				ENABLE_STRICT_OBJC_MSGSEND = YES;
				ENABLE_TESTABILITY = YES;
				GCC_C_LANGUAGE_STANDARD = gnu11;
				GCC_DYNAMIC_NO_PIC = NO;
				GCC_NO_COMMON_BLOCKS = YES;
				GCC_OPTIMIZATION_LEVEL = 0;
				GCC_PREPROCESSOR_DEFINITIONS = (
					"DEBUG=1",
					"$(inherited)",
				);
				GCC_WARN_64_TO_32_BIT_CONVERSION = YES;
				GCC_WARN_ABOUT_RETURN_TYPE = YES_ERROR;
				GCC_WARN_UNDECLARED_SELECTOR = YES;
				GCC_WARN_UNINITIALIZED_AUTOS = YES_AGGRESSIVE;
				GCC_WARN_UNUSED_FUNCTION = YES;
				GCC_WARN_UNUSED_VARIABLE = YES;
				IPHONEOS_DEPLOYMENT_TARGET = 13.0;
				MTL_ENABLE_DEBUG_INFO = INCLUDE_SOURCE;
				MTL_FAST_MATH = YES;
				ONLY_ACTIVE_ARCH = YES;
				SDKROOT = iphoneos;
				SWIFT_ACTIVE_COMPILATION_CONDITIONS = DEBUG;
				SWIFT_OPTIMIZATION_LEVEL = "-Onone";
			};
			name = Debug;
		};
		2C801957237DDAF400F83B95 /* Release */ = {
			isa = XCBuildConfiguration;
			buildSettings = {
				ALWAYS_SEARCH_USER_PATHS = NO;
				CLANG_ANALYZER_NONNULL = YES;
				CLANG_ANALYZER_NUMBER_OBJECT_CONVERSION = YES_AGGRESSIVE;
				CLANG_CXX_LANGUAGE_STANDARD = "gnu++14";
				CLANG_CXX_LIBRARY = "libc++";
				CLANG_ENABLE_MODULES = YES;
				CLANG_ENABLE_OBJC_ARC = YES;
				CLANG_ENABLE_OBJC_WEAK = YES;
				CLANG_WARN_BLOCK_CAPTURE_AUTORELEASING = YES;
				CLANG_WARN_BOOL_CONVERSION = YES;
				CLANG_WARN_COMMA = YES;
				CLANG_WARN_CONSTANT_CONVERSION = YES;
				CLANG_WARN_DEPRECATED_OBJC_IMPLEMENTATIONS = YES;
				CLANG_WARN_DIRECT_OBJC_ISA_USAGE = YES_ERROR;
				CLANG_WARN_DOCUMENTATION_COMMENTS = YES;
				CLANG_WARN_EMPTY_BODY = YES;
				CLANG_WARN_ENUM_CONVERSION = YES;
				CLANG_WARN_INFINITE_RECURSION = YES;
				CLANG_WARN_INT_CONVERSION = YES;
				CLANG_WARN_NON_LITERAL_NULL_CONVERSION = YES;
				CLANG_WARN_OBJC_IMPLICIT_RETAIN_SELF = YES;
				CLANG_WARN_OBJC_LITERAL_CONVERSION = YES;
				CLANG_WARN_OBJC_ROOT_CLASS = YES_ERROR;
				CLANG_WARN_RANGE_LOOP_ANALYSIS = YES;
				CLANG_WARN_STRICT_PROTOTYPES = YES;
				CLANG_WARN_SUSPICIOUS_MOVE = YES;
				CLANG_WARN_UNGUARDED_AVAILABILITY = YES_AGGRESSIVE;
				CLANG_WARN_UNREACHABLE_CODE = YES;
				CLANG_WARN__DUPLICATE_METHOD_MATCH = YES;
				COPY_PHASE_STRIP = NO;
				DEBUG_INFORMATION_FORMAT = "dwarf-with-dsym";
				ENABLE_NS_ASSERTIONS = NO;
				ENABLE_STRICT_OBJC_MSGSEND = YES;
				GCC_C_LANGUAGE_STANDARD = gnu11;
				GCC_NO_COMMON_BLOCKS = YES;
				GCC_WARN_64_TO_32_BIT_CONVERSION = YES;
				GCC_WARN_ABOUT_RETURN_TYPE = YES_ERROR;
				GCC_WARN_UNDECLARED_SELECTOR = YES;
				GCC_WARN_UNINITIALIZED_AUTOS = YES_AGGRESSIVE;
				GCC_WARN_UNUSED_FUNCTION = YES;
				GCC_WARN_UNUSED_VARIABLE = YES;
				IPHONEOS_DEPLOYMENT_TARGET = 13.0;
				MTL_ENABLE_DEBUG_INFO = NO;
				MTL_FAST_MATH = YES;
				SDKROOT = iphoneos;
				SWIFT_COMPILATION_MODE = wholemodule;
				SWIFT_OPTIMIZATION_LEVEL = "-O";
				VALIDATE_PRODUCT = YES;
			};
			name = Release;
		};
		2C801959237DDAF400F83B95 /* Debug */ = {
			isa = XCBuildConfiguration;
			buildSettings = {
				ASSETCATALOG_COMPILER_APPICON_NAME = AppIcon;
				CODE_SIGN_STYLE = Automatic;
				INFOPLIST_FILE = Project/Info.plist;
				LD_RUNPATH_SEARCH_PATHS = (
					"$(inherited)",
					"@executable_path/Frameworks",
				);
				PRODUCT_BUNDLE_IDENTIFIER = ipleiria.Project;
				PRODUCT_NAME = "$(TARGET_NAME)";
				SWIFT_VERSION = 5.0;
				TARGETED_DEVICE_FAMILY = "1,2";
			};
			name = Debug;
		};
		2C80195A237DDAF400F83B95 /* Release */ = {
			isa = XCBuildConfiguration;
			buildSettings = {
				ASSETCATALOG_COMPILER_APPICON_NAME = AppIcon;
				CODE_SIGN_STYLE = Automatic;
				INFOPLIST_FILE = Project/Info.plist;
				LD_RUNPATH_SEARCH_PATHS = (
					"$(inherited)",
					"@executable_path/Frameworks",
				);
				PRODUCT_BUNDLE_IDENTIFIER = ipleiria.Project;
				PRODUCT_NAME = "$(TARGET_NAME)";
				SWIFT_VERSION = 5.0;
				TARGETED_DEVICE_FAMILY = "1,2";
			};
			name = Release;
		};
		2C80195C237DDAF400F83B95 /* Debug */ = {
			isa = XCBuildConfiguration;
			buildSettings = {
				ALWAYS_EMBED_SWIFT_STANDARD_LIBRARIES = YES;
				BUNDLE_LOADER = "$(TEST_HOST)";
				CODE_SIGN_STYLE = Automatic;
				INFOPLIST_FILE = ProjectTests/Info.plist;
				IPHONEOS_DEPLOYMENT_TARGET = 13.0;
				LD_RUNPATH_SEARCH_PATHS = (
					"$(inherited)",
					"@executable_path/Frameworks",
					"@loader_path/Frameworks",
				);
				PRODUCT_BUNDLE_IDENTIFIER = ipleiria.ProjectTests;
				PRODUCT_NAME = "$(TARGET_NAME)";
				SWIFT_VERSION = 5.0;
				TARGETED_DEVICE_FAMILY = "1,2";
				TEST_HOST = "$(BUILT_PRODUCTS_DIR)/Project.app/Project";
			};
			name = Debug;
		};
		2C80195D237DDAF400F83B95 /* Release */ = {
			isa = XCBuildConfiguration;
			buildSettings = {
				ALWAYS_EMBED_SWIFT_STANDARD_LIBRARIES = YES;
				BUNDLE_LOADER = "$(TEST_HOST)";
				CODE_SIGN_STYLE = Automatic;
				INFOPLIST_FILE = ProjectTests/Info.plist;
				IPHONEOS_DEPLOYMENT_TARGET = 13.0;
				LD_RUNPATH_SEARCH_PATHS = (
					"$(inherited)",
					"@executable_path/Frameworks",
					"@loader_path/Frameworks",
				);
				PRODUCT_BUNDLE_IDENTIFIER = ipleiria.ProjectTests;
				PRODUCT_NAME = "$(TARGET_NAME)";
				SWIFT_VERSION = 5.0;
				TARGETED_DEVICE_FAMILY = "1,2";
				TEST_HOST = "$(BUILT_PRODUCTS_DIR)/Project.app/Project";
			};
			name = Release;
		};
		2C80195F237DDAF400F83B95 /* Debug */ = {
			isa = XCBuildConfiguration;
			buildSettings = {
				ALWAYS_EMBED_SWIFT_STANDARD_LIBRARIES = YES;
				CODE_SIGN_STYLE = Automatic;
				INFOPLIST_FILE = ProjectUITests/Info.plist;
				LD_RUNPATH_SEARCH_PATHS = (
					"$(inherited)",
					"@executable_path/Frameworks",
					"@loader_path/Frameworks",
				);
				PRODUCT_BUNDLE_IDENTIFIER = ipleiria.ProjectUITests;
				PRODUCT_NAME = "$(TARGET_NAME)";
				SWIFT_VERSION = 5.0;
				TARGETED_DEVICE_FAMILY = "1,2";
				TEST_TARGET_NAME = Project;
			};
			name = Debug;
		};
		2C801960237DDAF400F83B95 /* Release */ = {
			isa = XCBuildConfiguration;
			buildSettings = {
				ALWAYS_EMBED_SWIFT_STANDARD_LIBRARIES = YES;
				CODE_SIGN_STYLE = Automatic;
				INFOPLIST_FILE = ProjectUITests/Info.plist;
				LD_RUNPATH_SEARCH_PATHS = (
					"$(inherited)",
					"@executable_path/Frameworks",
					"@loader_path/Frameworks",
				);
				PRODUCT_BUNDLE_IDENTIFIER = ipleiria.ProjectUITests;
				PRODUCT_NAME = "$(TARGET_NAME)";
				SWIFT_VERSION = 5.0;
				TARGETED_DEVICE_FAMILY = "1,2";
				TEST_TARGET_NAME = Project;
			};
			name = Release;
		};
/* End XCBuildConfiguration section */

/* Begin XCConfigurationList section */
		2C801929237DDAF300F83B95 /* Build configuration list for PBXProject "Project" */ = {
			isa = XCConfigurationList;
			buildConfigurations = (
				2C801956237DDAF400F83B95 /* Debug */,
				2C801957237DDAF400F83B95 /* Release */,
			);
			defaultConfigurationIsVisible = 0;
			defaultConfigurationName = Release;
		};
		2C801958237DDAF400F83B95 /* Build configuration list for PBXNativeTarget "Project" */ = {
			isa = XCConfigurationList;
			buildConfigurations = (
				2C801959237DDAF400F83B95 /* Debug */,
				2C80195A237DDAF400F83B95 /* Release */,
			);
			defaultConfigurationIsVisible = 0;
			defaultConfigurationName = Release;
		};
		2C80195B237DDAF400F83B95 /* Build configuration list for PBXNativeTarget "ProjectTests" */ = {
			isa = XCConfigurationList;
			buildConfigurations = (
				2C80195C237DDAF400F83B95 /* Debug */,
				2C80195D237DDAF400F83B95 /* Release */,
			);
			defaultConfigurationIsVisible = 0;
			defaultConfigurationName = Release;
		};
		2C80195E237DDAF400F83B95 /* Build configuration list for PBXNativeTarget "ProjectUITests" */ = {
			isa = XCConfigurationList;
			buildConfigurations = (
				2C80195F237DDAF400F83B95 /* Debug */,
				2C801960237DDAF400F83B95 /* Release */,
			);
			defaultConfigurationIsVisible = 0;
			defaultConfigurationName = Release;
		};
/* End XCConfigurationList section */
	};
	rootObject = 2C801926237DDAF300F83B95 /* Project object */;
}
